{
  "name": "cordova-plugin-nmea",
  "version": "1.0.0",
  "lockfileVersion": 2,
  "requires": true,
  "packages": {
    "": {
      "name": "cordova-plugin-nmea",
      "version": "1.0.0",
      "license": "MIT",
      "engines": {
        "cordovaDependencies": {
          "1.0.0": {
            "cordova-android": ">=7.0.0"
          }
        }
      }
    }
  }
}
